
Microsoft Visual Studio Solution File, Format Version 12.00
# Visual Studio Version 16
VisualStudioVersion = 16.0.31005.135
MinimumVisualStudioVersion = 10.0.40219.1
Project("{FAE04EC0-301F-11D3-BF4B-00C04F79EFBC}") = "PeliculasAPI", "PeliculasAPI\PeliculasAPI.csproj", "{EDDDADDB-A000-4B65-B1CE-882C67C844A9}"
EndProject
Global
	GlobalSection(SolutionConfigurationPlatforms) = preSolution
		Debug|Any CPU = Debug|Any CPU
		Release|Any CPU = Release|Any CPU
	EndGlobalSection
	GlobalSection(ProjectConfigurationPlatforms) = postSolution
		{EDDDADDB-A000-4B65-B1CE-882C67C844A9}.Debug|Any CPU.ActiveCfg = Debug|Any CPU
		{EDDDADDB-A000-4B65-B1CE-882C67C844A9}.Debug|Any CPU.Build.0 = Debug|Any CPU
		{EDDDADDB-A000-4B65-B1CE-882C67C844A9}.Release|Any CPU.ActiveCfg = Release|Any CPU
		{EDDDADDB-A000-4B65-B1CE-882C67C844A9}.Release|Any CPU.Build.0 = Release|Any CPU
	EndGlobalSection
	GlobalSection(SolutionProperties) = preSolution
		HideSolutionNode = FALSE
	EndGlobalSection
	GlobalSection(ExtensibilityGlobals) = postSolution
		SolutionGuid = {078FAEAE-0267-4C88-A2C5-2D27257A7915}
	EndGlobalSection
EndGlobal
